
Microsoft Visual Studio Solution File, Format Version 12.00
# Visual Studio Version 16
VisualStudioVersion = 16.0.32228.343
MinimumVisualStudioVersion = 10.0.40219.1
Project("{FAE04EC0-301F-11D3-BF4B-00C04F79EFBC}") = "MydataGridView", "MydataGridView\MydataGridView.csproj", "{73CFBD3F-6A46-4EEA-B41A-221307D98503}"
EndProject
Project("{FAE04EC0-301F-11D3-BF4B-00C04F79EFBC}") = "tester", "tester\tester.csproj", "{9689C8EA-FA2B-4694-80E1-3A0C1DDAE11B}"
EndProject
Global
	GlobalSection(SolutionConfigurationPlatforms) = preSolution
		Debug|Any CPU = Debug|Any CPU
		Release|Any CPU = Release|Any CPU
	EndGlobalSection
	GlobalSection(ProjectConfigurationPlatforms) = postSolution
		{73CFBD3F-6A46-4EEA-B41A-221307D98503}.Debug|Any CPU.ActiveCfg = Debug|Any CPU
		{73CFBD3F-6A46-4EEA-B41A-221307D98503}.Debug|Any CPU.Build.0 = Debug|Any CPU
		{73CFBD3F-6A46-4EEA-B41A-221307D98503}.Release|Any CPU.ActiveCfg = Release|Any CPU
		{73CFBD3F-6A46-4EEA-B41A-221307D98503}.Release|Any CPU.Build.0 = Release|Any CPU
		{9689C8EA-FA2B-4694-80E1-3A0C1DDAE11B}.Debug|Any CPU.ActiveCfg = Debug|Any CPU
		{9689C8EA-FA2B-4694-80E1-3A0C1DDAE11B}.Debug|Any CPU.Build.0 = Debug|Any CPU
		{9689C8EA-FA2B-4694-80E1-3A0C1DDAE11B}.Release|Any CPU.ActiveCfg = Release|Any CPU
		{9689C8EA-FA2B-4694-80E1-3A0C1DDAE11B}.Release|Any CPU.Build.0 = Release|Any CPU
	EndGlobalSection
	GlobalSection(SolutionProperties) = preSolution
		HideSolutionNode = FALSE
	EndGlobalSection
	GlobalSection(ExtensibilityGlobals) = postSolution
		SolutionGuid = {956ABCEA-E796-4033-96A6-68C62559FF5F}
	EndGlobalSection
EndGlobal
